
Microsoft Visual Studio Solution File, Format Version 12.00
# Visual Studio Version 17
VisualStudioVersion = 17.6.33801.468
MinimumVisualStudioVersion = 10.0.40219.1
Project("{FAE04EC0-301F-11D3-BF4B-00C04F79EFBC}") = "IntroEF_Avanzado", "IntroEF_Avanzado.csproj", "{802C389D-2CE1-438D-AB97-E0E848B20DC0}"
EndProject
Global
	GlobalSection(SolutionConfigurationPlatforms) = preSolution
		Debug|Any CPU = Debug|Any CPU
		Release|Any CPU = Release|Any CPU
	EndGlobalSection
	GlobalSection(ProjectConfigurationPlatforms) = postSolution
		{802C389D-2CE1-438D-AB97-E0E848B20DC0}.Debug|Any CPU.ActiveCfg = Debug|Any CPU
		{802C389D-2CE1-438D-AB97-E0E848B20DC0}.Debug|Any CPU.Build.0 = Debug|Any CPU
		{802C389D-2CE1-438D-AB97-E0E848B20DC0}.Release|Any CPU.ActiveCfg = Release|Any CPU
		{802C389D-2CE1-438D-AB97-E0E848B20DC0}.Release|Any CPU.Build.0 = Release|Any CPU
	EndGlobalSection
	GlobalSection(SolutionProperties) = preSolution
		HideSolutionNode = FALSE
	EndGlobalSection
	GlobalSection(ExtensibilityGlobals) = postSolution
		SolutionGuid = {6F8F7376-27E8-4D76-AA5F-15CE896F3179}
	EndGlobalSection
EndGlobal
